// !$*UTF8*$!
{
	archiveVersion = 1;
	classes = {
	};
	objectVersion = 46;
	objects = {

/* Begin PBXBuildFile section */
		4989C2E91455FAEA00D3E52A /* main.cpp in Sources */ = {isa = PBXBuildFile; fileRef = 4989C2E81455FAEA00D3E52A /* main.cpp */; };
		4989C2EB1455FAEA00D3E52A /* GProj.1 in CopyFiles */ = {isa = PBXBuildFile; fileRef = 4989C2EA1455FAEA00D3E52A /* GProj.1 */; };
		4989C2F31455FFBF00D3E52A /* MenuSystem.cpp in Sources */ = {isa = PBXBuildFile; fileRef = 4989C2F21455FFBF00D3E52A /* MenuSystem.cpp */; };
		4989C2F61456003D00D3E52A /* Menu.cpp in Sources */ = {isa = PBXBuildFile; fileRef = 4989C2F51456003D00D3E52A /* Menu.cpp */; };
/* End PBXBuildFile section */

/* Begin PBXCopyFilesBuildPhase section */
		4989C2E21455FAEA00D3E52A /* CopyFiles */ = {
			isa = PBXCopyFilesBuildPhase;
			buildActionMask = 2147483647;
			dstPath = /usr/share/man/man1/;
			dstSubfolderSpec = 0;
			files = (
				4989C2EB1455FAEA00D3E52A /* GProj.1 in CopyFiles */,
			);
			runOnlyForDeploymentPostprocessing = 1;
		};
/* End PBXCopyFilesBuildPhase section */

/* Begin PBXFileReference section */
		4989C2E41455FAEA00D3E52A /* GProj */ = {isa = PBXFileReference; explicitFileType = "compiled.mach-o.executable"; includeInIndex = 0; path = GProj; sourceTree = BUILT_PRODUCTS_DIR; };
		4989C2E81455FAEA00D3E52A /* main.cpp */ = {isa = PBXFileReference; lastKnownFileType = sourcecode.cpp.cpp; path = main.cpp; sourceTree = "<group>"; };
		4989C2EA1455FAEA00D3E52A /* GProj.1 */ = {isa = PBXFileReference; lastKnownFileType = text.man; path = GProj.1; sourceTree = "<group>"; };
		4989C2F11455FFAE00D3E52A /* MenuSystem.h */ = {isa = PBXFileReference; fileEncoding = 4; lastKnownFileType = sourcecode.c.h; path = MenuSystem.h; sourceTree = "<group>"; };
		4989C2F21455FFBF00D3E52A /* MenuSystem.cpp */ = {isa = PBXFileReference; fileEncoding = 4; lastKnownFileType = sourcecode.cpp.cpp; path = MenuSystem.cpp; sourceTree = "<group>"; };
		4989C2F41456003300D3E52A /* Menu.h */ = {isa = PBXFileReference; fileEncoding = 4; lastKnownFileType = sourcecode.c.h; path = Menu.h; sourceTree = "<group>"; };
		4989C2F51456003D00D3E52A /* Menu.cpp */ = {isa = PBXFileReference; fileEncoding = 4; lastKnownFileType = sourcecode.cpp.cpp; path = Menu.cpp; sourceTree = "<group>"; };
		4989C2FC145615B100D3E52A /* images.jpeg */ = {isa = PBXFileReference; lastKnownFileType = image.jpeg; path = images.jpeg; sourceTree = "<group>"; };
/* End PBXFileReference section */

/* Begin PBXFrameworksBuildPhase section */
		4989C2E11455FAEA00D3E52A /* Frameworks */ = {
			isa = PBXFrameworksBuildPhase;
			buildActionMask = 2147483647;
			files = (
			);
			runOnlyForDeploymentPostprocessing = 0;
		};
/* End PBXFrameworksBuildPhase section */

/* Begin PBXGroup section */
		4989C2D91455FAEA00D3E52A = {
			isa = PBXGroup;
			children = (
				4989C2E71455FAEA00D3E52A /* GProj */,
				4989C2E51455FAEA00D3E52A /* Products */,
			);
			sourceTree = "<group>";
		};
		4989C2E51455FAEA00D3E52A /* Products */ = {
			isa = PBXGroup;
			children = (
				4989C2E41455FAEA00D3E52A /* GProj */,
			);
			name = Products;
			sourceTree = "<group>";
		};
		4989C2E71455FAEA00D3E52A /* GProj */ = {
			isa = PBXGroup;
			children = (
				4989C2FB145615B100D3E52A /* Images For Cocoa */,
				4989C2E81455FAEA00D3E52A /* main.cpp */,
				4989C2EA1455FAEA00D3E52A /* GProj.1 */,
				4989C2F11455FFAE00D3E52A /* MenuSystem.h */,
				4989C2F21455FFBF00D3E52A /* MenuSystem.cpp */,
				4989C2F41456003300D3E52A /* Menu.h */,
				4989C2F51456003D00D3E52A /* Menu.cpp */,
			);
			path = GProj;
			sourceTree = "<group>";
		};
		4989C2FB145615B100D3E52A /* Images For Cocoa */ = {
			isa = PBXGroup;
			children = (
				4989C2FC145615B100D3E52A /* images.jpeg */,
			);
			path = "Images For Cocoa";
			sourceTree = "<group>";
		};
/* End PBXGroup section */

/* Begin PBXNativeTarget section */
		4989C2E31455FAEA00D3E52A /* GProj */ = {
			isa = PBXNativeTarget;
			buildConfigurationList = 4989C2EE1455FAEA00D3E52A /* Build configuration list for PBXNativeTarget "GProj" */;
			buildPhases = (
				4989C2E01455FAEA00D3E52A /* Sources */,
				4989C2E11455FAEA00D3E52A /* Frameworks */,
				4989C2E21455FAEA00D3E52A /* CopyFiles */,
			);
			buildRules = (
			);
			dependencies = (
			);
			name = GProj;
			productName = GProj;
			productReference = 4989C2E41455FAEA00D3E52A /* GProj */;
			productType = "com.apple.product-type.tool";
		};
/* End PBXNativeTarget section */

/* Begin PBXProject section */
		4989C2DB1455FAEA00D3E52A /* Project object */ = {
			isa = PBXProject;
			attributes = {
				LastUpgradeCheck = 0420;
			};
			buildConfigurationList = 4989C2DE1455FAEA00D3E52A /* Build configuration list for PBXProject "GProj" */;
			compatibilityVersion = "Xcode 3.2";
			developmentRegion = English;
			hasScannedForEncodings = 0;
			knownRegions = (
				en,
			);
			mainGroup = 4989C2D91455FAEA00D3E52A;
			productRefGroup = 4989C2E51455FAEA00D3E52A /* Products */;
			projectDirPath = "";
			projectRoot = "";
			targets = (
				4989C2E31455FAEA00D3E52A /* GProj */,
			);
		};
/* End PBXProject section */

/* Begin PBXSourcesBuildPhase section */
		4989C2E01455FAEA00D3E52A /* Sources */ = {
			isa = PBXSourcesBuildPhase;
			buildActionMask = 2147483647;
			files = (
				4989C2E91455FAEA00D3E52A /* main.cpp in Sources */,
				4989C2F31455FFBF00D3E52A /* MenuSystem.cpp in Sources */,
				4989C2F61456003D00D3E52A /* Menu.cpp in Sources */,
			);
			runOnlyForDeploymentPostprocessing = 0;
		};
/* End PBXSourcesBuildPhase section */

/* Begin XCBuildConfiguration section */
		4989C2EC1455FAEA00D3E52A /* Debug */ = {
			isa = XCBuildConfiguration;
			buildSettings = {
				ALWAYS_SEARCH_USER_PATHS = NO;
				ARCHS = "$(ARCHS_STANDARD_64_BIT)";
				COPY_PHASE_STRIP = NO;
				GCC_C_LANGUAGE_STANDARD = gnu99;
				GCC_DYNAMIC_NO_PIC = NO;
				GCC_ENABLE_OBJC_EXCEPTIONS = YES;
				GCC_OPTIMIZATION_LEVEL = 0;
				GCC_PREPROCESSOR_DEFINITIONS = (
					"DEBUG=1",
					"$(inherited)",
				);
				GCC_SYMBOLS_PRIVATE_EXTERN = NO;
				GCC_VERSION = com.apple.compilers.llvm.clang.1_0;
				GCC_WARN_64_TO_32_BIT_CONVERSION = YES;
				GCC_WARN_ABOUT_MISSING_PROTOTYPES = YES;
				GCC_WARN_ABOUT_RETURN_TYPE = YES;
				GCC_WARN_UNUSED_VARIABLE = YES;
				MACOSX_DEPLOYMENT_TARGET = 10.6;
				ONLY_ACTIVE_ARCH = YES;
				SDKROOT = macosx;
			};
			name = Debug;
		};
		4989C2ED1455FAEA00D3E52A /* Release */ = {
			isa = XCBuildConfiguration;
			buildSettings = {
				ALWAYS_SEARCH_USER_PATHS = NO;
				ARCHS = "$(ARCHS_STANDARD_64_BIT)";
				COPY_PHASE_STRIP = YES;
				DEBUG_INFORMATION_FORMAT = "dwarf-with-dsym";
				GCC_C_LANGUAGE_STANDARD = gnu99;
				GCC_ENABLE_OBJC_EXCEPTIONS = YES;
				GCC_VERSION = com.apple.compilers.llvm.clang.1_0;
				GCC_WARN_64_TO_32_BIT_CONVERSION = YES;
				GCC_WARN_ABOUT_MISSING_PROTOTYPES = YES;
				GCC_WARN_ABOUT_RETURN_TYPE = YES;
				GCC_WARN_UNUSED_VARIABLE = YES;
				MACOSX_DEPLOYMENT_TARGET = 10.6;
				SDKROOT = macosx;
			};
			name = Release;
		};
		4989C2EF1455FAEA00D3E52A /* Debug */ = {
			isa = XCBuildConfiguration;
			buildSettings = {
				PRODUCT_NAME = "$(TARGET_NAME)";
			};
			name = Debug;
		};
		4989C2F01455FAEA00D3E52A /* Release */ = {
			isa = XCBuildConfiguration;
			buildSettings = {
				PRODUCT_NAME = "$(TARGET_NAME)";
			};
			name = Release;
		};
/* End XCBuildConfiguration section */

/* Begin XCConfigurationList section */
		4989C2DE1455FAEA00D3E52A /* Build configuration list for PBXProject "GProj" */ = {
			isa = XCConfigurationList;
			buildConfigurations = (
				4989C2EC1455FAEA00D3E52A /* Debug */,
				4989C2ED1455FAEA00D3E52A /* Release */,
			);
			defaultConfigurationIsVisible = 0;
			defaultConfigurationName = Release;
		};
		4989C2EE1455FAEA00D3E52A /* Build configuration list for PBXNativeTarget "GProj" */ = {
			isa = XCConfigurationList;
			buildConfigurations = (
				4989C2EF1455FAEA00D3E52A /* Debug */,
				4989C2F01455FAEA00D3E52A /* Release */,
			);
			defaultConfigurationIsVisible = 0;
		};
/* End XCConfigurationList section */
	};
	rootObject = 4989C2DB1455FAEA00D3E52A /* Project object */;
}
